
Microsoft Visual Studio Solution File, Format Version 12.00
Project("{FAE04EC0-301F-11D3-BF4B-00C04F79EFBC}") = "RefactoringBasics", "RefactoringBasics\RefactoringBasics.csproj", "{6AF19B09-F9E2-47C0-ACA3-84F6196A813D}"
EndProject
Global
	GlobalSection(SolutionConfigurationPlatforms) = preSolution
		Debug|Any CPU = Debug|Any CPU
		Release|Any CPU = Release|Any CPU
	EndGlobalSection
	GlobalSection(ProjectConfigurationPlatforms) = postSolution
		{6AF19B09-F9E2-47C0-ACA3-84F6196A813D}.Debug|Any CPU.ActiveCfg = Debug|Any CPU
		{6AF19B09-F9E2-47C0-ACA3-84F6196A813D}.Debug|Any CPU.Build.0 = Debug|Any CPU
		{6AF19B09-F9E2-47C0-ACA3-84F6196A813D}.Release|Any CPU.ActiveCfg = Release|Any CPU
		{6AF19B09-F9E2-47C0-ACA3-84F6196A813D}.Release|Any CPU.Build.0 = Release|Any CPU
	EndGlobalSection
EndGlobal
